{
  "name": "onebatt",
  "version": "1.0.0",
  "lockfileVersion": 3,
  "requires": true,
  "packages": {
    "": {
      "name": "onebatt",
      "version": "1.0.0",
      "dependencies": {
        "gsap": "^3.15.0",
        "next": "^15.5.0",
        "react": "^19.1.0",
        "react-dom": "^19.1.0",
        "three": "^0.185.0"
      },
      "devDependencies": {
        "@eslint/js": "^9.39.1",
        "eslint": "^9.39.1",
        "eslint-config-next": "^15.5.0",
        "globals": "^16.5.0",
        "prettier": "^3.6.2",
        "wawoff2": "^2.0.1"
      }
    }
  }
}